
Microsoft Visual Studio Solution File, Format Version 12.00
# Visual Studio Version 17
VisualStudioVersion = 17.0.31903.59
MinimumVisualStudioVersion = 10.0.40219.1
Project("{FAE04EC0-301F-11D3-BF4B-00C04F79EFBC}") = "API", "API\API.csproj", "{1830BB4F-CF34-4FC5-B771-488BC100937C}"
EndProject
Project("{FAE04EC0-301F-11D3-BF4B-00C04F79EFBC}") = "Application", "Application\Application.csproj", "{3FB5C39A-DADF-4541-90C5-241C03E5CDD2}"
EndProject
Project("{FAE04EC0-301F-11D3-BF4B-00C04F79EFBC}") = "Domain", "Domain\Domain.csproj", "{55E5F8F0-64C2-4C16-88E1-10BD3CBD4E51}"
EndProject
Project("{FAE04EC0-301F-11D3-BF4B-00C04F79EFBC}") = "Persistence", "Persistence\Persistence.csproj", "{A0F05FEE-59E2-4171-81A6-18ADA5971CF5}"
EndProject
Global
	GlobalSection(SolutionConfigurationPlatforms) = preSolution
		Debug|Any CPU = Debug|Any CPU
		Release|Any CPU = Release|Any CPU
	EndGlobalSection
	GlobalSection(SolutionProperties) = preSolution
		HideSolutionNode = FALSE
	EndGlobalSection
	GlobalSection(ProjectConfigurationPlatforms) = postSolution
		{1830BB4F-CF34-4FC5-B771-488BC100937C}.Debug|Any CPU.ActiveCfg = Debug|Any CPU
		{1830BB4F-CF34-4FC5-B771-488BC100937C}.Debug|Any CPU.Build.0 = Debug|Any CPU
		{1830BB4F-CF34-4FC5-B771-488BC100937C}.Release|Any CPU.ActiveCfg = Release|Any CPU
		{1830BB4F-CF34-4FC5-B771-488BC100937C}.Release|Any CPU.Build.0 = Release|Any CPU
		{3FB5C39A-DADF-4541-90C5-241C03E5CDD2}.Debug|Any CPU.ActiveCfg = Debug|Any CPU
		{3FB5C39A-DADF-4541-90C5-241C03E5CDD2}.Debug|Any CPU.Build.0 = Debug|Any CPU
		{3FB5C39A-DADF-4541-90C5-241C03E5CDD2}.Release|Any CPU.ActiveCfg = Release|Any CPU
		{3FB5C39A-DADF-4541-90C5-241C03E5CDD2}.Release|Any CPU.Build.0 = Release|Any CPU
		{55E5F8F0-64C2-4C16-88E1-10BD3CBD4E51}.Debug|Any CPU.ActiveCfg = Debug|Any CPU
		{55E5F8F0-64C2-4C16-88E1-10BD3CBD4E51}.Debug|Any CPU.Build.0 = Debug|Any CPU
		{55E5F8F0-64C2-4C16-88E1-10BD3CBD4E51}.Release|Any CPU.ActiveCfg = Release|Any CPU
		{55E5F8F0-64C2-4C16-88E1-10BD3CBD4E51}.Release|Any CPU.Build.0 = Release|Any CPU
		{A0F05FEE-59E2-4171-81A6-18ADA5971CF5}.Debug|Any CPU.ActiveCfg = Debug|Any CPU
		{A0F05FEE-59E2-4171-81A6-18ADA5971CF5}.Debug|Any CPU.Build.0 = Debug|Any CPU
		{A0F05FEE-59E2-4171-81A6-18ADA5971CF5}.Release|Any CPU.ActiveCfg = Release|Any CPU
		{A0F05FEE-59E2-4171-81A6-18ADA5971CF5}.Release|Any CPU.Build.0 = Release|Any CPU
	EndGlobalSection
EndGlobal
